
Microsoft Visual Studio Solution File, Format Version 12.00
# Visual Studio Version 16
VisualStudioVersion = 16.0.30804.86
MinimumVisualStudioVersion = 10.0.40219.1
Project("{FAE04EC0-301F-11D3-BF4B-00C04F79EFBC}") = "HospitalSimulation", "HospitalSimulation.csproj", "{7C505CE4-4174-49CC-ACCD-05601215BC0D}"
EndProject
Global
	GlobalSection(SolutionConfigurationPlatforms) = preSolution
		Debug|Any CPU = Debug|Any CPU
		Release|Any CPU = Release|Any CPU
	EndGlobalSection
	GlobalSection(ProjectConfigurationPlatforms) = postSolution
		{7C505CE4-4174-49CC-ACCD-05601215BC0D}.Debug|Any CPU.ActiveCfg = Debug|Any CPU
		{7C505CE4-4174-49CC-ACCD-05601215BC0D}.Debug|Any CPU.Build.0 = Debug|Any CPU
		{7C505CE4-4174-49CC-ACCD-05601215BC0D}.Release|Any CPU.ActiveCfg = Release|Any CPU
		{7C505CE4-4174-49CC-ACCD-05601215BC0D}.Release|Any CPU.Build.0 = Release|Any CPU
	EndGlobalSection
	GlobalSection(SolutionProperties) = preSolution
		HideSolutionNode = FALSE
	EndGlobalSection
	GlobalSection(ExtensibilityGlobals) = postSolution
		SolutionGuid = {FEBDDD0C-0608-4ED7-9631-4D8A28319734}
	EndGlobalSection
EndGlobal
